{
  "requires": true,
  "lockfileVersion": 1,
  "dependencies": {
    "@angular/core": {
      "version": "12.2.11",
      "resolved": "https://registry.npmjs.org/@angular/core/-/core-12.2.11.tgz",
      "integrity": "sha512-wzCFtVFdQlXJlzWpWNz3w8cDzhYzuO1qDqey15Wd4zPR8c8pDx3/XCZXSziskaUzA+fVzgHHSwQnOi9XSFFjzA==",
      "requires": {
        "tslib": "^2.2.0"
      }
    },
    "tslib": {
      "version": "2.3.1",
      "resolved": "https://registry.npmjs.org/tslib/-/tslib-2.3.1.tgz",
      "integrity": "sha512-77EbyPPpMz+FRFRuAFlWMtmgUWGe9UOG2Z25NqCwiIjRhOf5iKGuzSe5P2w1laq+FkRy4p+PCuVkJSGkzTEKVw=="
    }
  }
}
